
Microsoft Visual Studio Solution File, Format Version 12.00
# Visual Studio Version 17
VisualStudioVersion = 17.2.32616.157
MinimumVisualStudioVersion = 10.0.40219.1
Project("{FAE04EC0-301F-11D3-BF4B-00C04F79EFBC}") = "NoteTakingApp", "NoteTakingApp\NoteTakingApp.csproj", "{1DE3B796-A43D-4315-BA4E-63B0CE0276BE}"
EndProject
Global
	GlobalSection(SolutionConfigurationPlatforms) = preSolution
		Debug|Any CPU = Debug|Any CPU
		Release|Any CPU = Release|Any CPU
	EndGlobalSection
	GlobalSection(ProjectConfigurationPlatforms) = postSolution
		{1DE3B796-A43D-4315-BA4E-63B0CE0276BE}.Debug|Any CPU.ActiveCfg = Debug|Any CPU
		{1DE3B796-A43D-4315-BA4E-63B0CE0276BE}.Debug|Any CPU.Build.0 = Debug|Any CPU
		{1DE3B796-A43D-4315-BA4E-63B0CE0276BE}.Release|Any CPU.ActiveCfg = Release|Any CPU
		{1DE3B796-A43D-4315-BA4E-63B0CE0276BE}.Release|Any CPU.Build.0 = Release|Any CPU
	EndGlobalSection
	GlobalSection(SolutionProperties) = preSolution
		HideSolutionNode = FALSE
	EndGlobalSection
	GlobalSection(ExtensibilityGlobals) = postSolution
		SolutionGuid = {ED9FD3B1-AAE0-4437-9B71-33BAC816E5D5}
	EndGlobalSection
EndGlobal
